
Microsoft Visual Studio Solution File, Format Version 12.00
# Visual Studio Version 17
VisualStudioVersion = 17.5.33530.505
MinimumVisualStudioVersion = 10.0.40219.1
Project("{FAE04EC0-301F-11D3-BF4B-00C04F79EFBC}") = "TrainingX_2", "TrainingX_2\TrainingX_2.csproj", "{972995F5-AC21-4DE3-8CD3-A779122080E1}"
EndProject
Global
	GlobalSection(SolutionConfigurationPlatforms) = preSolution
		Debug|Any CPU = Debug|Any CPU
		Release|Any CPU = Release|Any CPU
	EndGlobalSection
	GlobalSection(ProjectConfigurationPlatforms) = postSolution
		{972995F5-AC21-4DE3-8CD3-A779122080E1}.Debug|Any CPU.ActiveCfg = Debug|Any CPU
		{972995F5-AC21-4DE3-8CD3-A779122080E1}.Debug|Any CPU.Build.0 = Debug|Any CPU
		{972995F5-AC21-4DE3-8CD3-A779122080E1}.Release|Any CPU.ActiveCfg = Release|Any CPU
		{972995F5-AC21-4DE3-8CD3-A779122080E1}.Release|Any CPU.Build.0 = Release|Any CPU
	EndGlobalSection
	GlobalSection(SolutionProperties) = preSolution
		HideSolutionNode = FALSE
	EndGlobalSection
	GlobalSection(ExtensibilityGlobals) = postSolution
		SolutionGuid = {840D78A2-E878-451D-9512-AC8291721A8D}
	EndGlobalSection
EndGlobal
